Microsoft Visual Studio Solution File, Format Version 12.00
# Visual Studio Version 17
VisualStudioVersion = 17.13.35931.197
MinimumVisualStudioVersion = 10.0.40219.1
Project("{FAE04EC0-301F-11D3-BF4B-00C04F79EFBC}") = "TP-Web-Promo-WEB", "TP-Web-Promo-WEB\TP-Web-Promo-WEB.csproj", "{A66BDD9D-6317-4EA3-9F8F-2E35B43A6B7C}"
EndProject
Project("{FAE04EC0-301F-11D3-BF4B-00C04F79EFBC}") = "Dominio", "Dominio\Dominio.csproj", "{D8A9C114-79DA-4846-A0CA-F3B4F784853B}"
EndProject
Project("{FAE04EC0-301F-11D3-BF4B-00C04F79EFBC}") = "Negocio", "Negocio\Negocio.csproj", "{ED5EC50B-1F41-49AC-A5F7-BB8D38EBB9EF}"
EndProject
Global
	GlobalSection(SolutionConfigurationPlatforms) = preSolution
		Debug|Any CPU = Debug|Any CPU
		Release|Any CPU = Release|Any CPU
	EndGlobalSection
	GlobalSection(ProjectConfigurationPlatforms) = postSolution
		{A66BDD9D-6317-4EA3-9F8F-2E35B43A6B7C}.Debug|Any CPU.ActiveCfg = Debug|Any CPU
		{A66BDD9D-6317-4EA3-9F8F-2E35B43A6B7C}.Debug|Any CPU.Build.0 = Debug|Any CPU
		{A66BDD9D-6317-4EA3-9F8F-2E35B43A6B7C}.Release|Any CPU.ActiveCfg = Release|Any CPU
		{A66BDD9D-6317-4EA3-9F8F-2E35B43A6B7C}.Release|Any CPU.Build.0 = Release|Any CPU
		{D8A9C114-79DA-4846-A0CA-F3B4F784853B}.Debug|Any CPU.ActiveCfg = Debug|Any CPU
		{D8A9C114-79DA-4846-A0CA-F3B4F784853B}.Debug|Any CPU.Build.0 = Debug|Any CPU
		{D8A9C114-79DA-4846-A0CA-F3B4F784853B}.Release|Any CPU.ActiveCfg = Release|Any CPU
		{D8A9C114-79DA-4846-A0CA-F3B4F784853B}.Release|Any CPU.Build.0 = Release|Any CPU
		{ED5EC50B-1F41-49AC-A5F7-BB8D38EBB9EF}.Debug|Any CPU.ActiveCfg = Debug|Any CPU
		{ED5EC50B-1F41-49AC-A5F7-BB8D38EBB9EF}.Debug|Any CPU.Build.0 = Debug|Any CPU
		{ED5EC50B-1F41-49AC-A5F7-BB8D38EBB9EF}.Release|Any CPU.ActiveCfg = Release|Any CPU
		{ED5EC50B-1F41-49AC-A5F7-BB8D38EBB9EF}.Release|Any CPU.Build.0 = Release|Any CPU
	EndGlobalSection
	GlobalSection(SolutionProperties) = preSolution
		HideSolutionNode = FALSE
	EndGlobalSection
	GlobalSection(ExtensibilityGlobals) = postSolution
		SolutionGuid = {1E032EFC-A462-4802-A64F-B1ADC7C67E3D}
	EndGlobalSection
EndGlobal
